dependencies:
- name: common
  repository: https://charts.bitnami.com/bitnami
  version: 1.6.1
- name: postgresql
  repository: https://charts.bitnami.com/bitnami
  version: 10.5.0
- name: redis
  repository: https://charts.bitnami.com/bitnami
  version: 14.6.1
digest: sha256:2dce70ebbe81371c9f339bd327b508149124746126d4d0c863ac28552160c826
generated: "2021-06-19T22:08:03.607416-07:00"
